// !$*UTF8*$!
{
	archiveVersion = 1;
	classes = {
	};
	objectVersion = 46;
	objects = {

/* Begin PBXBuildFile section */
		497943F81E49BC1C00991103 /* main.m in Sources */ = {isa = PBXBuildFile; fileRef = 497943F71E49BC1C00991103 /* main.m */; };
		497943FB1E49BC1C00991103 /* AppDelegate.m in Sources */ = {isa = PBXBuildFile; fileRef = 497943FA1E49BC1C00991103 /* AppDelegate.m */; };
		497943FE1E49BC1C00991103 /* ViewController.m in Sources */ = {isa = PBXBuildFile; fileRef = 497943FD1E49BC1C00991103 /* ViewController.m */; };
		497944011E49BC1C00991103 /* Main.storyboard in Resources */ = {isa = PBXBuildFile; fileRef = 497943FF1E49BC1C00991103 /* Main.storyboard */; };
		497944031E49BC1C00991103 /* Assets.xcassets in Resources */ = {isa = PBXBuildFile; fileRef = 497944021E49BC1C00991103 /* Assets.xcassets */; };
		497944061E49BC1C00991103 /* LaunchScreen.storyboard in Resources */ = {isa = PBXBuildFile; fileRef = 497944041E49BC1C00991103 /* LaunchScreen.storyboard */; };
		4979440F1E49C2F200991103 /* SecondViewController.m in Sources */ = {isa = PBXBuildFile; fileRef = 4979440E1E49C2F200991103 /* SecondViewController.m */; };
		497944121E49CB9300991103 /* ProfileViewController.m in Sources */ = {isa = PBXBuildFile; fileRef = 497944111E49CB9300991103 /* ProfileViewController.m */; };
/* End PBXBuildFile section */

/* Begin PBXFileReference section */
		497943F31E49BC1C00991103 /* Navigation.app */ = {isa = PBXFileReference; explicitFileType = wrapper.application; includeInIndex = 0; path = Navigation.app; sourceTree = BUILT_PRODUCTS_DIR; };
		497943F71E49BC1C00991103 /* main.m */ = {isa = PBXFileReference; lastKnownFileType = sourcecode.c.objc; path = main.m; sourceTree = "<group>"; };
		497943F91E49BC1C00991103 /* AppDelegate.h */ = {isa = PBXFileReference; lastKnownFileType = sourcecode.c.h; path = AppDelegate.h; sourceTree = "<group>"; };
		497943FA1E49BC1C00991103 /* AppDelegate.m */ = {isa = PBXFileReference; lastKnownFileType = sourcecode.c.objc; path = AppDelegate.m; sourceTree = "<group>"; };
		497943FC1E49BC1C00991103 /* ViewController.h */ = {isa = PBXFileReference; lastKnownFileType = sourcecode.c.h; path = ViewController.h; sourceTree = "<group>"; };
		497943FD1E49BC1C00991103 /* ViewController.m */ = {isa = PBXFileReference; lastKnownFileType = sourcecode.c.objc; path = ViewController.m; sourceTree = "<group>"; };
		497944001E49BC1C00991103 /* Base */ = {isa = PBXFileReference; lastKnownFileType = file.storyboard; name = Base; path = Base.lproj/Main.storyboard; sourceTree = "<group>"; };
		497944021E49BC1C00991103 /* Assets.xcassets */ = {isa = PBXFileReference; lastKnownFileType = folder.assetcatalog; path = Assets.xcassets; sourceTree = "<group>"; };
		497944051E49BC1C00991103 /* Base */ = {isa = PBXFileReference; lastKnownFileType = file.storyboard; name = Base; path = Base.lproj/LaunchScreen.storyboard; sourceTree = "<group>"; };
		497944071E49BC1C00991103 /* Info.plist */ = {isa = PBXFileReference; lastKnownFileType = text.plist.xml; path = Info.plist; sourceTree = "<group>"; };
		4979440D1E49C2F200991103 /* SecondViewController.h */ = {isa = PBXFileReference; fileEncoding = 4; lastKnownFileType = sourcecode.c.h; path = SecondViewController.h; sourceTree = "<group>"; };
		4979440E1E49C2F200991103 /* SecondViewController.m */ = {isa = PBXFileReference; fileEncoding = 4; lastKnownFileType = sourcecode.c.objc; path = SecondViewController.m; sourceTree = "<group>"; };
		497944101E49CB9300991103 /* ProfileViewController.h */ = {isa = PBXFileReference; fileEncoding = 4; lastKnownFileType = sourcecode.c.h; path = ProfileViewController.h; sourceTree = "<group>"; };
		497944111E49CB9300991103 /* ProfileViewController.m */ = {isa = PBXFileReference; fileEncoding = 4; lastKnownFileType = sourcecode.c.objc; path = ProfileViewController.m; sourceTree = "<group>"; };
/* End PBXFileReference section */

/* Begin PBXFrameworksBuildPhase section */
		497943F01E49BC1C00991103 /* Frameworks */ = {
			isa = PBXFrameworksBuildPhase;
			buildActionMask = 2147483647;
			files = (
			);
			runOnlyForDeploymentPostprocessing = 0;
		};
/* End PBXFrameworksBuildPhase section */

/* Begin PBXGroup section */
		497943EA1E49BC1B00991103 = {
			isa = PBXGroup;
			children = (
				497943F51E49BC1C00991103 /* Navigation */,
				497943F41E49BC1C00991103 /* Products */,
			);
			sourceTree = "<group>";
		};
		497943F41E49BC1C00991103 /* Products */ = {
			isa = PBXGroup;
			children = (
				497943F31E49BC1C00991103 /* Navigation.app */,
			);
			name = Products;
			sourceTree = "<group>";
		};
		497943F51E49BC1C00991103 /* Navigation */ = {
			isa = PBXGroup;
			children = (
				497943F91E49BC1C00991103 /* AppDelegate.h */,
				497943FA1E49BC1C00991103 /* AppDelegate.m */,
				497943FC1E49BC1C00991103 /* ViewController.h */,
				497943FD1E49BC1C00991103 /* ViewController.m */,
				497943FF1E49BC1C00991103 /* Main.storyboard */,
				497944101E49CB9300991103 /* ProfileViewController.h */,
				497944111E49CB9300991103 /* ProfileViewController.m */,
				497944021E49BC1C00991103 /* Assets.xcassets */,
				497944041E49BC1C00991103 /* LaunchScreen.storyboard */,
				4979440D1E49C2F200991103 /* SecondViewController.h */,
				4979440E1E49C2F200991103 /* SecondViewController.m */,
				497943F61E49BC1C00991103 /* Supporting Files */,
			);
			path = Navigation;
			sourceTree = "<group>";
		};
		497943F61E49BC1C00991103 /* Supporting Files */ = {
			isa = PBXGroup;
			children = (
				497944071E49BC1C00991103 /* Info.plist */,
				497943F71E49BC1C00991103 /* main.m */,
			);
			name = "Supporting Files";
			sourceTree = "<group>";
		};
/* End PBXGroup section */

/* Begin PBXNativeTarget section */
		497943F21E49BC1C00991103 /* Navigation */ = {
			isa = PBXNativeTarget;
			buildConfigurationList = 4979440A1E49BC1C00991103 /* Build configuration list for PBXNativeTarget "Navigation" */;
			buildPhases = (
				497943EF1E49BC1C00991103 /* Sources */,
				497943F01E49BC1C00991103 /* Frameworks */,
				497943F11E49BC1C00991103 /* Resources */,
			);
			buildRules = (
			);
			dependencies = (
			);
			name = Navigation;
			productName = Navigation;
			productReference = 497943F31E49BC1C00991103 /* Navigation.app */;
			productType = "com.apple.product-type.application";
		};
/* End PBXNativeTarget section */

/* Begin PBXProject section */
		497943EB1E49BC1B00991103 /* Project object */ = {
			isa = PBXProject;
			attributes = {
				LastUpgradeCheck = 0820;
				ORGANIZATIONNAME = "Mattia Contin";
				TargetAttributes = {
					497943F21E49BC1C00991103 = {
						CreatedOnToolsVersion = 8.2.1;
						ProvisioningStyle = Automatic;
					};
				};
			};
			buildConfigurationList = 497943EE1E49BC1B00991103 /* Build configuration list for PBXProject "Navigation" */;
			compatibilityVersion = "Xcode 3.2";
			developmentRegion = English;
			hasScannedForEncodings = 0;
			knownRegions = (
				en,
				Base,
			);
			mainGroup = 497943EA1E49BC1B00991103;
			productRefGroup = 497943F41E49BC1C00991103 /* Products */;
			projectDirPath = "";
			projectRoot = "";
			targets = (
				497943F21E49BC1C00991103 /* Navigation */,
			);
		};
/* End PBXProject section */

/* Begin PBXResourcesBuildPhase section */
		497943F11E49BC1C00991103 /* Resources */ = {
			isa = PBXResourcesBuildPhase;
			buildActionMask = 2147483647;
			files = (
				497944061E49BC1C00991103 /* LaunchScreen.storyboard in Resources */,
				497944031E49BC1C00991103 /* Assets.xcassets in Resources */,
				497944011E49BC1C00991103 /* Main.storyboard in Resources */,
			);
			runOnlyForDeploymentPostprocessing = 0;
		};
/* End PBXResourcesBuildPhase section */

/* Begin PBXSourcesBuildPhase section */
		497943EF1E49BC1C00991103 /* Sources */ = {
			isa = PBXSourcesBuildPhase;
			buildActionMask = 2147483647;
			files = (
				4979440F1E49C2F200991103 /* SecondViewController.m in Sources */,
				497943FE1E49BC1C00991103 /* ViewController.m in Sources */,
				497943FB1E49BC1C00991103 /* AppDelegate.m in Sources */,
				497943F81E49BC1C00991103 /* main.m in Sources */,
				497944121E49CB9300991103 /* ProfileViewController.m in Sources */,
			);
			runOnlyForDeploymentPostprocessing = 0;
		};
/* End PBXSourcesBuildPhase section */

/* Begin PBXVariantGroup section */
		497943FF1E49BC1C00991103 /* Main.storyboard */ = {
			isa = PBXVariantGroup;
			children = (
				497944001E49BC1C00991103 /* Base */,
			);
			name = Main.storyboard;
			sourceTree = "<group>";
		};
		497944041E49BC1C00991103 /* LaunchScreen.storyboard */ = {
			isa = PBXVariantGroup;
			children = (
				497944051E49BC1C00991103 /* Base */,
			);
			name = LaunchScreen.storyboard;
			sourceTree = "<group>";
		};
/* End PBXVariantGroup section */

/* Begin XCBuildConfiguration section */
		497944081E49BC1C00991103 /* Debug */ = {
			isa = XCBuildConfiguration;
			buildSettings = {
				ALWAYS_SEARCH_USER_PATHS = NO;
				CLANG_ANALYZER_NONNULL = YES;
				CLANG_CXX_LANGUAGE_STANDARD = "gnu++0x";
				CLANG_CXX_LIBRARY = "libc++";
				CLANG_ENABLE_MODULES = YES;
				CLANG_ENABLE_OBJC_ARC = YES;
				CLANG_WARN_BOOL_CONVERSION = YES;
				CLANG_WARN_CONSTANT_CONVERSION = YES;
				CLANG_WARN_DIRECT_OBJC_ISA_USAGE = YES_ERROR;
				CLANG_WARN_DOCUMENTATION_COMMENTS = YES;
				CLANG_WARN_EMPTY_BODY = YES;
				CLANG_WARN_ENUM_CONVERSION = YES;
				CLANG_WARN_INFINITE_RECURSION = YES;
				CLANG_WARN_INT_CONVERSION = YES;
				CLANG_WARN_OBJC_ROOT_CLASS = YES_ERROR;
				CLANG_WARN_SUSPICIOUS_MOVE = YES;
				CLANG_WARN_UNREACHABLE_CODE = YES;
				CLANG_WARN__DUPLICATE_METHOD_MATCH = YES;
				"CODE_SIGN_IDENTITY[sdk=iphoneos*]" = "iPhone Developer";
				COPY_PHASE_STRIP = NO;
				DEBUG_INFORMATION_FORMAT = dwarf;
				ENABLE_STRICT_OBJC_MSGSEND = YES;
				ENABLE_TESTABILITY = YES;
				GCC_C_LANGUAGE_STANDARD = gnu99;
				GCC_DYNAMIC_NO_PIC = NO;
				GCC_NO_COMMON_BLOCKS = YES;
				GCC_OPTIMIZATION_LEVEL = 0;
				GCC_PREPROCESSOR_DEFINITIONS = (
					"DEBUG=1",
					"$(inherited)",
				);
				GCC_WARN_64_TO_32_BIT_CONVERSION = YES;
				GCC_WARN_ABOUT_RETURN_TYPE = YES_ERROR;
				GCC_WARN_UNDECLARED_SELECTOR = YES;
				GCC_WARN_UNINITIALIZED_AUTOS = YES_AGGRESSIVE;
				GCC_WARN_UNUSED_FUNCTION = YES;
				GCC_WARN_UNUSED_VARIABLE = YES;
				IPHONEOS_DEPLOYMENT_TARGET = 10.2;
				MTL_ENABLE_DEBUG_INFO = YES;
				ONLY_ACTIVE_ARCH = YES;
				SDKROOT = iphoneos;
				TARGETED_DEVICE_FAMILY = "1,2";
			};
			name = Debug;
		};
		497944091E49BC1C00991103 /* Release */ = {
			isa = XCBuildConfiguration;
			buildSettings = {
				ALWAYS_SEARCH_USER_PATHS = NO;
				CLANG_ANALYZER_NONNULL = YES;
				CLANG_CXX_LANGUAGE_STANDARD = "gnu++0x";
				CLANG_CXX_LIBRARY = "libc++";
				CLANG_ENABLE_MODULES = YES;
				CLANG_ENABLE_OBJC_ARC = YES;
				CLANG_WARN_BOOL_CONVERSION = YES;
				CLANG_WARN_CONSTANT_CONVERSION = YES;
				CLANG_WARN_DIRECT_OBJC_ISA_USAGE = YES_ERROR;
				CLANG_WARN_DOCUMENTATION_COMMENTS = YES;
				CLANG_WARN_EMPTY_BODY = YES;
				CLANG_WARN_ENUM_CONVERSION = YES;
				CLANG_WARN_INFINITE_RECURSION = YES;
				CLANG_WARN_INT_CONVERSION = YES;
				CLANG_WARN_OBJC_ROOT_CLASS = YES_ERROR;
				CLANG_WARN_SUSPICIOUS_MOVE = YES;
				CLANG_WARN_UNREACHABLE_CODE = YES;
				CLANG_WARN__DUPLICATE_METHOD_MATCH = YES;
				"CODE_SIGN_IDENTITY[sdk=iphoneos*]" = "iPhone Developer";
				COPY_PHASE_STRIP = NO;
				DEBUG_INFORMATION_FORMAT = "dwarf-with-dsym";
				ENABLE_NS_ASSERTIONS = NO;
				ENABLE_STRICT_OBJC_MSGSEND = YES;
				GCC_C_LANGUAGE_STANDARD = gnu99;
				GCC_NO_COMMON_BLOCKS = YES;
				GCC_WARN_64_TO_32_BIT_CONVERSION = YES;
				GCC_WARN_ABOUT_RETURN_TYPE = YES_ERROR;
				GCC_WARN_UNDECLARED_SELECTOR = YES;
				GCC_WARN_UNINITIALIZED_AUTOS = YES_AGGRESSIVE;
				GCC_WARN_UNUSED_FUNCTION = YES;
				GCC_WARN_UNUSED_VARIABLE = YES;
				IPHONEOS_DEPLOYMENT_TARGET = 10.2;
				MTL_ENABLE_DEBUG_INFO = NO;
				SDKROOT = iphoneos;
				TARGETED_DEVICE_FAMILY = "1,2";
				VALIDATE_PRODUCT = YES;
			};
			name = Release;
		};
		4979440B1E49BC1C00991103 /* Debug */ = {
			isa = XCBuildConfiguration;
			buildSettings = {
				ASSETCATALOG_COMPILER_APPICON_NAME = AppIcon;
				INFOPLIST_FILE = Navigation/Info.plist;
				LD_RUNPATH_SEARCH_PATHS = "$(inherited) @executable_path/Frameworks";
				PRODUCT_BUNDLE_IDENTIFIER = com.mc.Navigation;
				PRODUCT_NAME = "$(TARGET_NAME)";
			};
			name = Debug;
		};
		4979440C1E49BC1C00991103 /* Release */ = {
			isa = XCBuildConfiguration;
			buildSettings = {
				ASSETCATALOG_COMPILER_APPICON_NAME = AppIcon;
				INFOPLIST_FILE = Navigation/Info.plist;
				LD_RUNPATH_SEARCH_PATHS = "$(inherited) @executable_path/Frameworks";
				PRODUCT_BUNDLE_IDENTIFIER = com.mc.Navigation;
				PRODUCT_NAME = "$(TARGET_NAME)";
			};
			name = Release;
		};
/* End XCBuildConfiguration section */

/* Begin XCConfigurationList section */
		497943EE1E49BC1B00991103 /* Build configuration list for PBXProject "Navigation" */ = {
			isa = XCConfigurationList;
			buildConfigurations = (
				497944081E49BC1C00991103 /* Debug */,
				497944091E49BC1C00991103 /* Release */,
			);
			defaultConfigurationIsVisible = 0;
			defaultConfigurationName = Release;
		};
		4979440A1E49BC1C00991103 /* Build configuration list for PBXNativeTarget "Navigation" */ = {
			isa = XCConfigurationList;
			buildConfigurations = (
				4979440B1E49BC1C00991103 /* Debug */,
				4979440C1E49BC1C00991103 /* Release */,
			);
			defaultConfigurationIsVisible = 0;
		};
/* End XCConfigurationList section */
	};
	rootObject = 497943EB1E49BC1B00991103 /* Project object */;
}
