// !$*UTF8*$!
{
	archiveVersion = 1;
	classes = {
	};
	objectVersion = 46;
	objects = {

/* Begin PBXBuildFile section */
		49710C9C1E40852D00D64CF1 /* SizeClasses.storyboard in Resources */ = {isa = PBXBuildFile; fileRef = 49710C9B1E40852D00D64CF1 /* SizeClasses.storyboard */; };
		49710C9F1E408CFF00D64CF1 /* MapKit.framework in Frameworks */ = {isa = PBXBuildFile; fileRef = 49710C9E1E408CFF00D64CF1 /* MapKit.framework */; };
		49ECAF331E38B58200111EC7 /* main.m in Sources */ = {isa = PBXBuildFile; fileRef = 49ECAF321E38B58200111EC7 /* main.m */; };
		49ECAF361E38B58200111EC7 /* AppDelegate.m in Sources */ = {isa = PBXBuildFile; fileRef = 49ECAF351E38B58200111EC7 /* AppDelegate.m */; };
		49ECAF391E38B58200111EC7 /* ViewController.m in Sources */ = {isa = PBXBuildFile; fileRef = 49ECAF381E38B58200111EC7 /* ViewController.m */; };
		49ECAF3C1E38B58200111EC7 /* Main.storyboard in Resources */ = {isa = PBXBuildFile; fileRef = 49ECAF3A1E38B58200111EC7 /* Main.storyboard */; };
		49ECAF3E1E38B58200111EC7 /* Assets.xcassets in Resources */ = {isa = PBXBuildFile; fileRef = 49ECAF3D1E38B58200111EC7 /* Assets.xcassets */; };
		49ECAF411E38B58200111EC7 /* LaunchScreen.storyboard in Resources */ = {isa = PBXBuildFile; fileRef = 49ECAF3F1E38B58200111EC7 /* LaunchScreen.storyboard */; };
/* End PBXBuildFile section */

/* Begin PBXFileReference section */
		49710C9B1E40852D00D64CF1 /* SizeClasses.storyboard */ = {isa = PBXFileReference; fileEncoding = 4; lastKnownFileType = file.storyboard; path = SizeClasses.storyboard; sourceTree = "<group>"; };
		49710C9E1E408CFF00D64CF1 /* MapKit.framework */ = {isa = PBXFileReference; lastKnownFileType = wrapper.framework; name = MapKit.framework; path = System/Library/Frameworks/MapKit.framework; sourceTree = SDKROOT; };
		49ECAF2E1E38B58200111EC7 /* DemoCrispyBacon.app */ = {isa = PBXFileReference; explicitFileType = wrapper.application; includeInIndex = 0; path = DemoCrispyBacon.app; sourceTree = BUILT_PRODUCTS_DIR; };
		49ECAF321E38B58200111EC7 /* main.m */ = {isa = PBXFileReference; lastKnownFileType = sourcecode.c.objc; path = main.m; sourceTree = "<group>"; };
		49ECAF341E38B58200111EC7 /* AppDelegate.h */ = {isa = PBXFileReference; lastKnownFileType = sourcecode.c.h; path = AppDelegate.h; sourceTree = "<group>"; };
		49ECAF351E38B58200111EC7 /* AppDelegate.m */ = {isa = PBXFileReference; lastKnownFileType = sourcecode.c.objc; path = AppDelegate.m; sourceTree = "<group>"; };
		49ECAF371E38B58200111EC7 /* ViewController.h */ = {isa = PBXFileReference; lastKnownFileType = sourcecode.c.h; path = ViewController.h; sourceTree = "<group>"; };
		49ECAF381E38B58200111EC7 /* ViewController.m */ = {isa = PBXFileReference; lastKnownFileType = sourcecode.c.objc; path = ViewController.m; sourceTree = "<group>"; };
		49ECAF3B1E38B58200111EC7 /* Base */ = {isa = PBXFileReference; lastKnownFileType = file.storyboard; name = Base; path = Base.lproj/Main.storyboard; sourceTree = "<group>"; };
		49ECAF3D1E38B58200111EC7 /* Assets.xcassets */ = {isa = PBXFileReference; lastKnownFileType = folder.assetcatalog; path = Assets.xcassets; sourceTree = "<group>"; };
		49ECAF401E38B58200111EC7 /* Base */ = {isa = PBXFileReference; lastKnownFileType = file.storyboard; name = Base; path = Base.lproj/LaunchScreen.storyboard; sourceTree = "<group>"; };
		49ECAF421E38B58200111EC7 /* Info.plist */ = {isa = PBXFileReference; lastKnownFileType = text.plist.xml; path = Info.plist; sourceTree = "<group>"; };
/* End PBXFileReference section */

/* Begin PBXFrameworksBuildPhase section */
		49ECAF2B1E38B58200111EC7 /* Frameworks */ = {
			isa = PBXFrameworksBuildPhase;
			buildActionMask = 2147483647;
			files = (
				49710C9F1E408CFF00D64CF1 /* MapKit.framework in Frameworks */,
			);
			runOnlyForDeploymentPostprocessing = 0;
		};
/* End PBXFrameworksBuildPhase section */

/* Begin PBXGroup section */
		49710C9D1E408CFF00D64CF1 /* Frameworks */ = {
			isa = PBXGroup;
			children = (
				49710C9E1E408CFF00D64CF1 /* MapKit.framework */,
			);
			name = Frameworks;
			sourceTree = "<group>";
		};
		49ECAF251E38B58200111EC7 = {
			isa = PBXGroup;
			children = (
				49ECAF301E38B58200111EC7 /* DemoCrispyBacon */,
				49ECAF2F1E38B58200111EC7 /* Products */,
				49710C9D1E408CFF00D64CF1 /* Frameworks */,
			);
			sourceTree = "<group>";
		};
		49ECAF2F1E38B58200111EC7 /* Products */ = {
			isa = PBXGroup;
			children = (
				49ECAF2E1E38B58200111EC7 /* DemoCrispyBacon.app */,
			);
			name = Products;
			sourceTree = "<group>";
		};
		49ECAF301E38B58200111EC7 /* DemoCrispyBacon */ = {
			isa = PBXGroup;
			children = (
				49ECAF371E38B58200111EC7 /* ViewController.h */,
				49ECAF381E38B58200111EC7 /* ViewController.m */,
				49ECAF3A1E38B58200111EC7 /* Main.storyboard */,
				49ECAF311E38B58200111EC7 /* Supporting Files */,
				49710C9B1E40852D00D64CF1 /* SizeClasses.storyboard */,
			);
			path = DemoCrispyBacon;
			sourceTree = "<group>";
		};
		49ECAF311E38B58200111EC7 /* Supporting Files */ = {
			isa = PBXGroup;
			children = (
				49ECAF341E38B58200111EC7 /* AppDelegate.h */,
				49ECAF351E38B58200111EC7 /* AppDelegate.m */,
				49ECAF3D1E38B58200111EC7 /* Assets.xcassets */,
				49ECAF3F1E38B58200111EC7 /* LaunchScreen.storyboard */,
				49ECAF421E38B58200111EC7 /* Info.plist */,
				49ECAF321E38B58200111EC7 /* main.m */,
			);
			name = "Supporting Files";
			sourceTree = "<group>";
		};
/* End PBXGroup section */

/* Begin PBXNativeTarget section */
		49ECAF2D1E38B58200111EC7 /* DemoCrispyBacon */ = {
			isa = PBXNativeTarget;
			buildConfigurationList = 49ECAF451E38B58200111EC7 /* Build configuration list for PBXNativeTarget "DemoCrispyBacon" */;
			buildPhases = (
				49ECAF2A1E38B58200111EC7 /* Sources */,
				49ECAF2B1E38B58200111EC7 /* Frameworks */,
				49ECAF2C1E38B58200111EC7 /* Resources */,
			);
			buildRules = (
			);
			dependencies = (
			);
			name = DemoCrispyBacon;
			productName = DemoCrispyBacon;
			productReference = 49ECAF2E1E38B58200111EC7 /* DemoCrispyBacon.app */;
			productType = "com.apple.product-type.application";
		};
/* End PBXNativeTarget section */

/* Begin PBXProject section */
		49ECAF261E38B58200111EC7 /* Project object */ = {
			isa = PBXProject;
			attributes = {
				LastUpgradeCheck = 0820;
				ORGANIZATIONNAME = "Mattia Contin";
				TargetAttributes = {
					49ECAF2D1E38B58200111EC7 = {
						CreatedOnToolsVersion = 8.2.1;
						ProvisioningStyle = Automatic;
						SystemCapabilities = {
							com.apple.Maps.iOS = {
								enabled = 1;
							};
						};
					};
				};
			};
			buildConfigurationList = 49ECAF291E38B58200111EC7 /* Build configuration list for PBXProject "DemoCrispyBacon" */;
			compatibilityVersion = "Xcode 3.2";
			developmentRegion = English;
			hasScannedForEncodings = 0;
			knownRegions = (
				en,
				Base,
			);
			mainGroup = 49ECAF251E38B58200111EC7;
			productRefGroup = 49ECAF2F1E38B58200111EC7 /* Products */;
			projectDirPath = "";
			projectRoot = "";
			targets = (
				49ECAF2D1E38B58200111EC7 /* DemoCrispyBacon */,
			);
		};
/* End PBXProject section */

/* Begin PBXResourcesBuildPhase section */
		49ECAF2C1E38B58200111EC7 /* Resources */ = {
			isa = PBXResourcesBuildPhase;
			buildActionMask = 2147483647;
			files = (
				49ECAF411E38B58200111EC7 /* LaunchScreen.storyboard in Resources */,
				49ECAF3E1E38B58200111EC7 /* Assets.xcassets in Resources */,
				49710C9C1E40852D00D64CF1 /* SizeClasses.storyboard in Resources */,
				49ECAF3C1E38B58200111EC7 /* Main.storyboard in Resources */,
			);
			runOnlyForDeploymentPostprocessing = 0;
		};
/* End PBXResourcesBuildPhase section */

/* Begin PBXSourcesBuildPhase section */
		49ECAF2A1E38B58200111EC7 /* Sources */ = {
			isa = PBXSourcesBuildPhase;
			buildActionMask = 2147483647;
			files = (
				49ECAF391E38B58200111EC7 /* ViewController.m in Sources */,
				49ECAF361E38B58200111EC7 /* AppDelegate.m in Sources */,
				49ECAF331E38B58200111EC7 /* main.m in Sources */,
			);
			runOnlyForDeploymentPostprocessing = 0;
		};
/* End PBXSourcesBuildPhase section */

/* Begin PBXVariantGroup section */
		49ECAF3A1E38B58200111EC7 /* Main.storyboard */ = {
			isa = PBXVariantGroup;
			children = (
				49ECAF3B1E38B58200111EC7 /* Base */,
			);
			name = Main.storyboard;
			sourceTree = "<group>";
		};
		49ECAF3F1E38B58200111EC7 /* LaunchScreen.storyboard */ = {
			isa = PBXVariantGroup;
			children = (
				49ECAF401E38B58200111EC7 /* Base */,
			);
			name = LaunchScreen.storyboard;
			sourceTree = "<group>";
		};
/* End PBXVariantGroup section */

/* Begin XCBuildConfiguration section */
		49ECAF431E38B58200111EC7 /* Debug */ = {
			isa = XCBuildConfiguration;
			buildSettings = {
				ALWAYS_SEARCH_USER_PATHS = NO;
				CLANG_ANALYZER_NONNULL = YES;
				CLANG_CXX_LANGUAGE_STANDARD = "gnu++0x";
				CLANG_CXX_LIBRARY = "libc++";
				CLANG_ENABLE_MODULES = YES;
				CLANG_ENABLE_OBJC_ARC = YES;
				CLANG_WARN_BOOL_CONVERSION = YES;
				CLANG_WARN_CONSTANT_CONVERSION = YES;
				CLANG_WARN_DIRECT_OBJC_ISA_USAGE = YES_ERROR;
				CLANG_WARN_DOCUMENTATION_COMMENTS = YES;
				CLANG_WARN_EMPTY_BODY = YES;
				CLANG_WARN_ENUM_CONVERSION = YES;
				CLANG_WARN_INFINITE_RECURSION = YES;
				CLANG_WARN_INT_CONVERSION = YES;
				CLANG_WARN_OBJC_ROOT_CLASS = YES_ERROR;
				CLANG_WARN_SUSPICIOUS_MOVE = YES;
				CLANG_WARN_UNREACHABLE_CODE = YES;
				CLANG_WARN__DUPLICATE_METHOD_MATCH = YES;
				"CODE_SIGN_IDENTITY[sdk=iphoneos*]" = "iPhone Developer";
				COPY_PHASE_STRIP = NO;
				DEBUG_INFORMATION_FORMAT = dwarf;
				ENABLE_STRICT_OBJC_MSGSEND = YES;
				ENABLE_TESTABILITY = YES;
				GCC_C_LANGUAGE_STANDARD = gnu99;
				GCC_DYNAMIC_NO_PIC = NO;
				GCC_NO_COMMON_BLOCKS = YES;
				GCC_OPTIMIZATION_LEVEL = 0;
				GCC_PREPROCESSOR_DEFINITIONS = (
					"DEBUG=1",
					"$(inherited)",
				);
				GCC_WARN_64_TO_32_BIT_CONVERSION = YES;
				GCC_WARN_ABOUT_RETURN_TYPE = YES_ERROR;
				GCC_WARN_UNDECLARED_SELECTOR = YES;
				GCC_WARN_UNINITIALIZED_AUTOS = YES_AGGRESSIVE;
				GCC_WARN_UNUSED_FUNCTION = YES;
				GCC_WARN_UNUSED_VARIABLE = YES;
				IPHONEOS_DEPLOYMENT_TARGET = 10.2;
				MTL_ENABLE_DEBUG_INFO = YES;
				ONLY_ACTIVE_ARCH = YES;
				SDKROOT = iphoneos;
				TARGETED_DEVICE_FAMILY = "1,2";
			};
			name = Debug;
		};
		49ECAF441E38B58200111EC7 /* Release */ = {
			isa = XCBuildConfiguration;
			buildSettings = {
				ALWAYS_SEARCH_USER_PATHS = NO;
				CLANG_ANALYZER_NONNULL = YES;
				CLANG_CXX_LANGUAGE_STANDARD = "gnu++0x";
				CLANG_CXX_LIBRARY = "libc++";
				CLANG_ENABLE_MODULES = YES;
				CLANG_ENABLE_OBJC_ARC = YES;
				CLANG_WARN_BOOL_CONVERSION = YES;
				CLANG_WARN_CONSTANT_CONVERSION = YES;
				CLANG_WARN_DIRECT_OBJC_ISA_USAGE = YES_ERROR;
				CLANG_WARN_DOCUMENTATION_COMMENTS = YES;
				CLANG_WARN_EMPTY_BODY = YES;
				CLANG_WARN_ENUM_CONVERSION = YES;
				CLANG_WARN_INFINITE_RECURSION = YES;
				CLANG_WARN_INT_CONVERSION = YES;
				CLANG_WARN_OBJC_ROOT_CLASS = YES_ERROR;
				CLANG_WARN_SUSPICIOUS_MOVE = YES;
				CLANG_WARN_UNREACHABLE_CODE = YES;
				CLANG_WARN__DUPLICATE_METHOD_MATCH = YES;
				"CODE_SIGN_IDENTITY[sdk=iphoneos*]" = "iPhone Developer";
				COPY_PHASE_STRIP = NO;
				DEBUG_INFORMATION_FORMAT = "dwarf-with-dsym";
				ENABLE_NS_ASSERTIONS = NO;
				ENABLE_STRICT_OBJC_MSGSEND = YES;
				GCC_C_LANGUAGE_STANDARD = gnu99;
				GCC_NO_COMMON_BLOCKS = YES;
				GCC_WARN_64_TO_32_BIT_CONVERSION = YES;
				GCC_WARN_ABOUT_RETURN_TYPE = YES_ERROR;
				GCC_WARN_UNDECLARED_SELECTOR = YES;
				GCC_WARN_UNINITIALIZED_AUTOS = YES_AGGRESSIVE;
				GCC_WARN_UNUSED_FUNCTION = YES;
				GCC_WARN_UNUSED_VARIABLE = YES;
				IPHONEOS_DEPLOYMENT_TARGET = 10.2;
				MTL_ENABLE_DEBUG_INFO = NO;
				SDKROOT = iphoneos;
				TARGETED_DEVICE_FAMILY = "1,2";
				VALIDATE_PRODUCT = YES;
			};
			name = Release;
		};
		49ECAF461E38B58200111EC7 /* Debug */ = {
			isa = XCBuildConfiguration;
			buildSettings = {
				ASSETCATALOG_COMPILER_APPICON_NAME = AppIcon;
				INFOPLIST_FILE = DemoCrispyBacon/Info.plist;
				LD_RUNPATH_SEARCH_PATHS = "$(inherited) @executable_path/Frameworks";
				PRODUCT_BUNDLE_IDENTIFIER = com.mc.DemoCrispyBacon;
				PRODUCT_NAME = "$(TARGET_NAME)";
			};
			name = Debug;
		};
		49ECAF471E38B58200111EC7 /* Release */ = {
			isa = XCBuildConfiguration;
			buildSettings = {
				ASSETCATALOG_COMPILER_APPICON_NAME = AppIcon;
				INFOPLIST_FILE = DemoCrispyBacon/Info.plist;
				LD_RUNPATH_SEARCH_PATHS = "$(inherited) @executable_path/Frameworks";
				PRODUCT_BUNDLE_IDENTIFIER = com.mc.DemoCrispyBacon;
				PRODUCT_NAME = "$(TARGET_NAME)";
			};
			name = Release;
		};
/* End XCBuildConfiguration section */

/* Begin XCConfigurationList section */
		49ECAF291E38B58200111EC7 /* Build configuration list for PBXProject "DemoCrispyBacon" */ = {
			isa = XCConfigurationList;
			buildConfigurations = (
				49ECAF431E38B58200111EC7 /* Debug */,
				49ECAF441E38B58200111EC7 /* Release */,
			);
			defaultConfigurationIsVisible = 0;
			defaultConfigurationName = Release;
		};
		49ECAF451E38B58200111EC7 /* Build configuration list for PBXNativeTarget "DemoCrispyBacon" */ = {
			isa = XCConfigurationList;
			buildConfigurations = (
				49ECAF461E38B58200111EC7 /* Debug */,
				49ECAF471E38B58200111EC7 /* Release */,
			);
			defaultConfigurationIsVisible = 0;
			defaultConfigurationName = Release;
		};
/* End XCConfigurationList section */
	};
	rootObject = 49ECAF261E38B58200111EC7 /* Project object */;
}
