// !$*UTF8*$!
{
	archiveVersion = 1;
	classes = {
	};
	objectVersion = 46;
	objects = {

/* Begin PBXBuildFile section */
		49038B211E291C3200074A82 /* main.m in Sources */ = {isa = PBXBuildFile; fileRef = 49038B201E291C3200074A82 /* main.m */; };
		49038B241E291C3200074A82 /* AppDelegate.m in Sources */ = {isa = PBXBuildFile; fileRef = 49038B231E291C3200074A82 /* AppDelegate.m */; };
		49038B271E291C3200074A82 /* GameViewController.m in Sources */ = {isa = PBXBuildFile; fileRef = 49038B261E291C3200074A82 /* GameViewController.m */; };
		49038B2A1E291C3200074A82 /* Main.storyboard in Resources */ = {isa = PBXBuildFile; fileRef = 49038B281E291C3200074A82 /* Main.storyboard */; };
		49038B2C1E291C3200074A82 /* Assets.xcassets in Resources */ = {isa = PBXBuildFile; fileRef = 49038B2B1E291C3200074A82 /* Assets.xcassets */; };
		49038B2F1E291C3200074A82 /* LaunchScreen.storyboard in Resources */ = {isa = PBXBuildFile; fileRef = 49038B2D1E291C3200074A82 /* LaunchScreen.storyboard */; };
		49CC5B421E2FB1E100517975 /* ScoreTableViewController.m in Sources */ = {isa = PBXBuildFile; fileRef = 49CC5B411E2FB1E100517975 /* ScoreTableViewController.m */; };
/* End PBXBuildFile section */

/* Begin PBXFileReference section */
		49038B1C1E291C3200074A82 /* TapChallenge.app */ = {isa = PBXFileReference; explicitFileType = wrapper.application; includeInIndex = 0; path = TapChallenge.app; sourceTree = BUILT_PRODUCTS_DIR; };
		49038B201E291C3200074A82 /* main.m */ = {isa = PBXFileReference; lastKnownFileType = sourcecode.c.objc; path = main.m; sourceTree = "<group>"; };
		49038B221E291C3200074A82 /* AppDelegate.h */ = {isa = PBXFileReference; lastKnownFileType = sourcecode.c.h; path = AppDelegate.h; sourceTree = "<group>"; };
		49038B231E291C3200074A82 /* AppDelegate.m */ = {isa = PBXFileReference; lastKnownFileType = sourcecode.c.objc; path = AppDelegate.m; sourceTree = "<group>"; };
		49038B251E291C3200074A82 /* GameViewController.h */ = {isa = PBXFileReference; lastKnownFileType = sourcecode.c.h; path = GameViewController.h; sourceTree = "<group>"; };
		49038B261E291C3200074A82 /* GameViewController.m */ = {isa = PBXFileReference; lastKnownFileType = sourcecode.c.objc; path = GameViewController.m; sourceTree = "<group>"; };
		49038B291E291C3200074A82 /* Base */ = {isa = PBXFileReference; lastKnownFileType = file.storyboard; name = Base; path = Base.lproj/Main.storyboard; sourceTree = "<group>"; };
		49038B2B1E291C3200074A82 /* Assets.xcassets */ = {isa = PBXFileReference; lastKnownFileType = folder.assetcatalog; path = Assets.xcassets; sourceTree = "<group>"; };
		49038B2E1E291C3200074A82 /* Base */ = {isa = PBXFileReference; lastKnownFileType = file.storyboard; name = Base; path = Base.lproj/LaunchScreen.storyboard; sourceTree = "<group>"; };
		49038B301E291C3200074A82 /* Info.plist */ = {isa = PBXFileReference; lastKnownFileType = text.plist.xml; path = Info.plist; sourceTree = "<group>"; };
		49CC5B401E2FB1E100517975 /* ScoreTableViewController.h */ = {isa = PBXFileReference; fileEncoding = 4; lastKnownFileType = sourcecode.c.h; path = ScoreTableViewController.h; sourceTree = "<group>"; };
		49CC5B411E2FB1E100517975 /* ScoreTableViewController.m */ = {isa = PBXFileReference; fileEncoding = 4; lastKnownFileType = sourcecode.c.objc; path = ScoreTableViewController.m; sourceTree = "<group>"; };
/* End PBXFileReference section */

/* Begin PBXFrameworksBuildPhase section */
		49038B191E291C3200074A82 /* Frameworks */ = {
			isa = PBXFrameworksBuildPhase;
			buildActionMask = 2147483647;
			files = (
			);
			runOnlyForDeploymentPostprocessing = 0;
		};
/* End PBXFrameworksBuildPhase section */

/* Begin PBXGroup section */
		49038B131E291C3200074A82 = {
			isa = PBXGroup;
			children = (
				49038B1E1E291C3200074A82 /* TapChallenge */,
				49038B1D1E291C3200074A82 /* Products */,
			);
			sourceTree = "<group>";
		};
		49038B1D1E291C3200074A82 /* Products */ = {
			isa = PBXGroup;
			children = (
				49038B1C1E291C3200074A82 /* TapChallenge.app */,
			);
			name = Products;
			sourceTree = "<group>";
		};
		49038B1E1E291C3200074A82 /* TapChallenge */ = {
			isa = PBXGroup;
			children = (
				49CC5B401E2FB1E100517975 /* ScoreTableViewController.h */,
				49CC5B411E2FB1E100517975 /* ScoreTableViewController.m */,
				49038B221E291C3200074A82 /* AppDelegate.h */,
				49038B231E291C3200074A82 /* AppDelegate.m */,
				49038B251E291C3200074A82 /* GameViewController.h */,
				49038B261E291C3200074A82 /* GameViewController.m */,
				49038B281E291C3200074A82 /* Main.storyboard */,
				49038B2B1E291C3200074A82 /* Assets.xcassets */,
				49038B2D1E291C3200074A82 /* LaunchScreen.storyboard */,
				49038B301E291C3200074A82 /* Info.plist */,
				49038B1F1E291C3200074A82 /* Supporting Files */,
			);
			path = TapChallenge;
			sourceTree = "<group>";
		};
		49038B1F1E291C3200074A82 /* Supporting Files */ = {
			isa = PBXGroup;
			children = (
				49038B201E291C3200074A82 /* main.m */,
			);
			name = "Supporting Files";
			sourceTree = "<group>";
		};
/* End PBXGroup section */

/* Begin PBXNativeTarget section */
		49038B1B1E291C3200074A82 /* TapChallenge */ = {
			isa = PBXNativeTarget;
			buildConfigurationList = 49038B331E291C3200074A82 /* Build configuration list for PBXNativeTarget "TapChallenge" */;
			buildPhases = (
				49038B181E291C3200074A82 /* Sources */,
				49038B191E291C3200074A82 /* Frameworks */,
				49038B1A1E291C3200074A82 /* Resources */,
			);
			buildRules = (
			);
			dependencies = (
			);
			name = TapChallenge;
			productName = TapChallenge;
			productReference = 49038B1C1E291C3200074A82 /* TapChallenge.app */;
			productType = "com.apple.product-type.application";
		};
/* End PBXNativeTarget section */

/* Begin PBXProject section */
		49038B141E291C3200074A82 /* Project object */ = {
			isa = PBXProject;
			attributes = {
				LastUpgradeCheck = 0820;
				ORGANIZATIONNAME = "Mattia Contin";
				TargetAttributes = {
					49038B1B1E291C3200074A82 = {
						CreatedOnToolsVersion = 8.2.1;
						ProvisioningStyle = Automatic;
					};
				};
			};
			buildConfigurationList = 49038B171E291C3200074A82 /* Build configuration list for PBXProject "TapChallenge" */;
			compatibilityVersion = "Xcode 3.2";
			developmentRegion = English;
			hasScannedForEncodings = 0;
			knownRegions = (
				en,
				Base,
			);
			mainGroup = 49038B131E291C3200074A82;
			productRefGroup = 49038B1D1E291C3200074A82 /* Products */;
			projectDirPath = "";
			projectRoot = "";
			targets = (
				49038B1B1E291C3200074A82 /* TapChallenge */,
			);
		};
/* End PBXProject section */

/* Begin PBXResourcesBuildPhase section */
		49038B1A1E291C3200074A82 /* Resources */ = {
			isa = PBXResourcesBuildPhase;
			buildActionMask = 2147483647;
			files = (
				49038B2F1E291C3200074A82 /* LaunchScreen.storyboard in Resources */,
				49038B2C1E291C3200074A82 /* Assets.xcassets in Resources */,
				49038B2A1E291C3200074A82 /* Main.storyboard in Resources */,
			);
			runOnlyForDeploymentPostprocessing = 0;
		};
/* End PBXResourcesBuildPhase section */

/* Begin PBXSourcesBuildPhase section */
		49038B181E291C3200074A82 /* Sources */ = {
			isa = PBXSourcesBuildPhase;
			buildActionMask = 2147483647;
			files = (
				49CC5B421E2FB1E100517975 /* ScoreTableViewController.m in Sources */,
				49038B271E291C3200074A82 /* GameViewController.m in Sources */,
				49038B241E291C3200074A82 /* AppDelegate.m in Sources */,
				49038B211E291C3200074A82 /* main.m in Sources */,
			);
			runOnlyForDeploymentPostprocessing = 0;
		};
/* End PBXSourcesBuildPhase section */

/* Begin PBXVariantGroup section */
		49038B281E291C3200074A82 /* Main.storyboard */ = {
			isa = PBXVariantGroup;
			children = (
				49038B291E291C3200074A82 /* Base */,
			);
			name = Main.storyboard;
			sourceTree = "<group>";
		};
		49038B2D1E291C3200074A82 /* LaunchScreen.storyboard */ = {
			isa = PBXVariantGroup;
			children = (
				49038B2E1E291C3200074A82 /* Base */,
			);
			name = LaunchScreen.storyboard;
			sourceTree = "<group>";
		};
/* End PBXVariantGroup section */

/* Begin XCBuildConfiguration section */
		49038B311E291C3200074A82 /* Debug */ = {
			isa = XCBuildConfiguration;
			buildSettings = {
				ALWAYS_SEARCH_USER_PATHS = NO;
				CLANG_ANALYZER_NONNULL = YES;
				CLANG_CXX_LANGUAGE_STANDARD = "gnu++0x";
				CLANG_CXX_LIBRARY = "libc++";
				CLANG_ENABLE_MODULES = YES;
				CLANG_ENABLE_OBJC_ARC = YES;
				CLANG_WARN_BOOL_CONVERSION = YES;
				CLANG_WARN_CONSTANT_CONVERSION = YES;
				CLANG_WARN_DIRECT_OBJC_ISA_USAGE = YES_ERROR;
				CLANG_WARN_DOCUMENTATION_COMMENTS = YES;
				CLANG_WARN_EMPTY_BODY = YES;
				CLANG_WARN_ENUM_CONVERSION = YES;
				CLANG_WARN_INFINITE_RECURSION = YES;
				CLANG_WARN_INT_CONVERSION = YES;
				CLANG_WARN_OBJC_ROOT_CLASS = YES_ERROR;
				CLANG_WARN_SUSPICIOUS_MOVE = YES;
				CLANG_WARN_UNREACHABLE_CODE = YES;
				CLANG_WARN__DUPLICATE_METHOD_MATCH = YES;
				"CODE_SIGN_IDENTITY[sdk=iphoneos*]" = "iPhone Developer";
				COPY_PHASE_STRIP = NO;
				DEBUG_INFORMATION_FORMAT = dwarf;
				ENABLE_STRICT_OBJC_MSGSEND = YES;
				ENABLE_TESTABILITY = YES;
				GCC_C_LANGUAGE_STANDARD = gnu99;
				GCC_DYNAMIC_NO_PIC = NO;
				GCC_NO_COMMON_BLOCKS = YES;
				GCC_OPTIMIZATION_LEVEL = 0;
				GCC_PREPROCESSOR_DEFINITIONS = (
					"DEBUG=1",
					"$(inherited)",
				);
				GCC_WARN_64_TO_32_BIT_CONVERSION = YES;
				GCC_WARN_ABOUT_RETURN_TYPE = YES_ERROR;
				GCC_WARN_UNDECLARED_SELECTOR = YES;
				GCC_WARN_UNINITIALIZED_AUTOS = YES_AGGRESSIVE;
				GCC_WARN_UNUSED_FUNCTION = YES;
				GCC_WARN_UNUSED_VARIABLE = YES;
				IPHONEOS_DEPLOYMENT_TARGET = 10.2;
				MTL_ENABLE_DEBUG_INFO = YES;
				ONLY_ACTIVE_ARCH = YES;
				SDKROOT = iphoneos;
			};
			name = Debug;
		};
		49038B321E291C3200074A82 /* Release */ = {
			isa = XCBuildConfiguration;
			buildSettings = {
				ALWAYS_SEARCH_USER_PATHS = NO;
				CLANG_ANALYZER_NONNULL = YES;
				CLANG_CXX_LANGUAGE_STANDARD = "gnu++0x";
				CLANG_CXX_LIBRARY = "libc++";
				CLANG_ENABLE_MODULES = YES;
				CLANG_ENABLE_OBJC_ARC = YES;
				CLANG_WARN_BOOL_CONVERSION = YES;
				CLANG_WARN_CONSTANT_CONVERSION = YES;
				CLANG_WARN_DIRECT_OBJC_ISA_USAGE = YES_ERROR;
				CLANG_WARN_DOCUMENTATION_COMMENTS = YES;
				CLANG_WARN_EMPTY_BODY = YES;
				CLANG_WARN_ENUM_CONVERSION = YES;
				CLANG_WARN_INFINITE_RECURSION = YES;
				CLANG_WARN_INT_CONVERSION = YES;
				CLANG_WARN_OBJC_ROOT_CLASS = YES_ERROR;
				CLANG_WARN_SUSPICIOUS_MOVE = YES;
				CLANG_WARN_UNREACHABLE_CODE = YES;
				CLANG_WARN__DUPLICATE_METHOD_MATCH = YES;
				"CODE_SIGN_IDENTITY[sdk=iphoneos*]" = "iPhone Developer";
				COPY_PHASE_STRIP = NO;
				DEBUG_INFORMATION_FORMAT = "dwarf-with-dsym";
				ENABLE_NS_ASSERTIONS = NO;
				ENABLE_STRICT_OBJC_MSGSEND = YES;
				GCC_C_LANGUAGE_STANDARD = gnu99;
				GCC_NO_COMMON_BLOCKS = YES;
				GCC_WARN_64_TO_32_BIT_CONVERSION = YES;
				GCC_WARN_ABOUT_RETURN_TYPE = YES_ERROR;
				GCC_WARN_UNDECLARED_SELECTOR = YES;
				GCC_WARN_UNINITIALIZED_AUTOS = YES_AGGRESSIVE;
				GCC_WARN_UNUSED_FUNCTION = YES;
				GCC_WARN_UNUSED_VARIABLE = YES;
				IPHONEOS_DEPLOYMENT_TARGET = 10.2;
				MTL_ENABLE_DEBUG_INFO = NO;
				SDKROOT = iphoneos;
				VALIDATE_PRODUCT = YES;
			};
			name = Release;
		};
		49038B341E291C3200074A82 /* Debug */ = {
			isa = XCBuildConfiguration;
			buildSettings = {
				ASSETCATALOG_COMPILER_APPICON_NAME = AppIcon;
				INFOPLIST_FILE = TapChallenge/Info.plist;
				LD_RUNPATH_SEARCH_PATHS = "$(inherited) @executable_path/Frameworks";
				PRODUCT_BUNDLE_IDENTIFIER = com.mc.TapChallenge;
				PRODUCT_NAME = "$(TARGET_NAME)";
			};
			name = Debug;
		};
		49038B351E291C3200074A82 /* Release */ = {
			isa = XCBuildConfiguration;
			buildSettings = {
				ASSETCATALOG_COMPILER_APPICON_NAME = AppIcon;
				INFOPLIST_FILE = TapChallenge/Info.plist;
				LD_RUNPATH_SEARCH_PATHS = "$(inherited) @executable_path/Frameworks";
				PRODUCT_BUNDLE_IDENTIFIER = com.mc.TapChallenge;
				PRODUCT_NAME = "$(TARGET_NAME)";
			};
			name = Release;
		};
/* End XCBuildConfiguration section */

/* Begin XCConfigurationList section */
		49038B171E291C3200074A82 /* Build configuration list for PBXProject "TapChallenge" */ = {
			isa = XCConfigurationList;
			buildConfigurations = (
				49038B311E291C3200074A82 /* Debug */,
				49038B321E291C3200074A82 /* Release */,
			);
			defaultConfigurationIsVisible = 0;
			defaultConfigurationName = Release;
		};
		49038B331E291C3200074A82 /* Build configuration list for PBXNativeTarget "TapChallenge" */ = {
			isa = XCConfigurationList;
			buildConfigurations = (
				49038B341E291C3200074A82 /* Debug */,
				49038B351E291C3200074A82 /* Release */,
			);
			defaultConfigurationIsVisible = 0;
			defaultConfigurationName = Release;
		};
/* End XCConfigurationList section */
	};
	rootObject = 49038B141E291C3200074A82 /* Project object */;
}
