// !$*UTF8*$!
{
	archiveVersion = 1;
	classes = {
	};
	objectVersion = 46;
	objects = {

/* Begin PBXBuildFile section */
		49220C711E66E610004166DC /* AppDelegate.swift in Sources */ = {isa = PBXBuildFile; fileRef = 49220C701E66E610004166DC /* AppDelegate.swift */; };
		49220C731E66E610004166DC /* ViewController.swift in Sources */ = {isa = PBXBuildFile; fileRef = 49220C721E66E610004166DC /* ViewController.swift */; };
		49220C761E66E610004166DC /* Main.storyboard in Resources */ = {isa = PBXBuildFile; fileRef = 49220C741E66E610004166DC /* Main.storyboard */; };
		49220C781E66E610004166DC /* Assets.xcassets in Resources */ = {isa = PBXBuildFile; fileRef = 49220C771E66E610004166DC /* Assets.xcassets */; };
		49220C7B1E66E610004166DC /* LaunchScreen.storyboard in Resources */ = {isa = PBXBuildFile; fileRef = 49220C791E66E610004166DC /* LaunchScreen.storyboard */; };
		49220C831E6729EC004166DC /* DetailViewController.swift in Sources */ = {isa = PBXBuildFile; fileRef = 49220C821E6729EC004166DC /* DetailViewController.swift */; };
/* End PBXBuildFile section */

/* Begin PBXFileReference section */
		49220C6D1E66E610004166DC /* AutoLayoutRipasso.app */ = {isa = PBXFileReference; explicitFileType = wrapper.application; includeInIndex = 0; path = AutoLayoutRipasso.app; sourceTree = BUILT_PRODUCTS_DIR; };
		49220C701E66E610004166DC /* AppDelegate.swift */ = {isa = PBXFileReference; lastKnownFileType = sourcecode.swift; path = AppDelegate.swift; sourceTree = "<group>"; };
		49220C721E66E610004166DC /* ViewController.swift */ = {isa = PBXFileReference; lastKnownFileType = sourcecode.swift; path = ViewController.swift; sourceTree = "<group>"; };
		49220C751E66E610004166DC /* Base */ = {isa = PBXFileReference; lastKnownFileType = file.storyboard; name = Base; path = Base.lproj/Main.storyboard; sourceTree = "<group>"; };
		49220C771E66E610004166DC /* Assets.xcassets */ = {isa = PBXFileReference; lastKnownFileType = folder.assetcatalog; path = Assets.xcassets; sourceTree = "<group>"; };
		49220C7A1E66E610004166DC /* Base */ = {isa = PBXFileReference; lastKnownFileType = file.storyboard; name = Base; path = Base.lproj/LaunchScreen.storyboard; sourceTree = "<group>"; };
		49220C7C1E66E610004166DC /* Info.plist */ = {isa = PBXFileReference; lastKnownFileType = text.plist.xml; path = Info.plist; sourceTree = "<group>"; };
		49220C821E6729EC004166DC /* DetailViewController.swift */ = {isa = PBXFileReference; fileEncoding = 4; lastKnownFileType = sourcecode.swift; path = DetailViewController.swift; sourceTree = "<group>"; };
/* End PBXFileReference section */

/* Begin PBXFrameworksBuildPhase section */
		49220C6A1E66E60F004166DC /* Frameworks */ = {
			isa = PBXFrameworksBuildPhase;
			buildActionMask = 2147483647;
			files = (
			);
			runOnlyForDeploymentPostprocessing = 0;
		};
/* End PBXFrameworksBuildPhase section */

/* Begin PBXGroup section */
		49220C641E66E60F004166DC = {
			isa = PBXGroup;
			children = (
				49220C6F1E66E610004166DC /* AutoLayoutRipasso */,
				49220C6E1E66E610004166DC /* Products */,
			);
			sourceTree = "<group>";
		};
		49220C6E1E66E610004166DC /* Products */ = {
			isa = PBXGroup;
			children = (
				49220C6D1E66E610004166DC /* AutoLayoutRipasso.app */,
			);
			name = Products;
			sourceTree = "<group>";
		};
		49220C6F1E66E610004166DC /* AutoLayoutRipasso */ = {
			isa = PBXGroup;
			children = (
				49220C701E66E610004166DC /* AppDelegate.swift */,
				49220C721E66E610004166DC /* ViewController.swift */,
				49220C741E66E610004166DC /* Main.storyboard */,
				49220C771E66E610004166DC /* Assets.xcassets */,
				49220C791E66E610004166DC /* LaunchScreen.storyboard */,
				49220C7C1E66E610004166DC /* Info.plist */,
				49220C821E6729EC004166DC /* DetailViewController.swift */,
			);
			path = AutoLayoutRipasso;
			sourceTree = "<group>";
		};
/* End PBXGroup section */

/* Begin PBXNativeTarget section */
		49220C6C1E66E60F004166DC /* AutoLayoutRipasso */ = {
			isa = PBXNativeTarget;
			buildConfigurationList = 49220C7F1E66E610004166DC /* Build configuration list for PBXNativeTarget "AutoLayoutRipasso" */;
			buildPhases = (
				49220C691E66E60F004166DC /* Sources */,
				49220C6A1E66E60F004166DC /* Frameworks */,
				49220C6B1E66E60F004166DC /* Resources */,
			);
			buildRules = (
			);
			dependencies = (
			);
			name = AutoLayoutRipasso;
			productName = AutoLayoutRipasso;
			productReference = 49220C6D1E66E610004166DC /* AutoLayoutRipasso.app */;
			productType = "com.apple.product-type.application";
		};
/* End PBXNativeTarget section */

/* Begin PBXProject section */
		49220C651E66E60F004166DC /* Project object */ = {
			isa = PBXProject;
			attributes = {
				LastSwiftUpdateCheck = 0820;
				LastUpgradeCheck = 0820;
				ORGANIZATIONNAME = "Mattia Contin";
				TargetAttributes = {
					49220C6C1E66E60F004166DC = {
						CreatedOnToolsVersion = 8.2.1;
						ProvisioningStyle = Automatic;
					};
				};
			};
			buildConfigurationList = 49220C681E66E60F004166DC /* Build configuration list for PBXProject "AutoLayoutRipasso" */;
			compatibilityVersion = "Xcode 3.2";
			developmentRegion = English;
			hasScannedForEncodings = 0;
			knownRegions = (
				en,
				Base,
			);
			mainGroup = 49220C641E66E60F004166DC;
			productRefGroup = 49220C6E1E66E610004166DC /* Products */;
			projectDirPath = "";
			projectRoot = "";
			targets = (
				49220C6C1E66E60F004166DC /* AutoLayoutRipasso */,
			);
		};
/* End PBXProject section */

/* Begin PBXResourcesBuildPhase section */
		49220C6B1E66E60F004166DC /* Resources */ = {
			isa = PBXResourcesBuildPhase;
			buildActionMask = 2147483647;
			files = (
				49220C7B1E66E610004166DC /* LaunchScreen.storyboard in Resources */,
				49220C781E66E610004166DC /* Assets.xcassets in Resources */,
				49220C761E66E610004166DC /* Main.storyboard in Resources */,
			);
			runOnlyForDeploymentPostprocessing = 0;
		};
/* End PBXResourcesBuildPhase section */

/* Begin PBXSourcesBuildPhase section */
		49220C691E66E60F004166DC /* Sources */ = {
			isa = PBXSourcesBuildPhase;
			buildActionMask = 2147483647;
			files = (
				49220C831E6729EC004166DC /* DetailViewController.swift in Sources */,
				49220C731E66E610004166DC /* ViewController.swift in Sources */,
				49220C711E66E610004166DC /* AppDelegate.swift in Sources */,
			);
			runOnlyForDeploymentPostprocessing = 0;
		};
/* End PBXSourcesBuildPhase section */

/* Begin PBXVariantGroup section */
		49220C741E66E610004166DC /* Main.storyboard */ = {
			isa = PBXVariantGroup;
			children = (
				49220C751E66E610004166DC /* Base */,
			);
			name = Main.storyboard;
			sourceTree = "<group>";
		};
		49220C791E66E610004166DC /* LaunchScreen.storyboard */ = {
			isa = PBXVariantGroup;
			children = (
				49220C7A1E66E610004166DC /* Base */,
			);
			name = LaunchScreen.storyboard;
			sourceTree = "<group>";
		};
/* End PBXVariantGroup section */

/* Begin XCBuildConfiguration section */
		49220C7D1E66E610004166DC /* Debug */ = {
			isa = XCBuildConfiguration;
			buildSettings = {
				ALWAYS_SEARCH_USER_PATHS = NO;
				CLANG_ANALYZER_NONNULL = YES;
				CLANG_CXX_LANGUAGE_STANDARD = "gnu++0x";
				CLANG_CXX_LIBRARY = "libc++";
				CLANG_ENABLE_MODULES = YES;
				CLANG_ENABLE_OBJC_ARC = YES;
				CLANG_WARN_BOOL_CONVERSION = YES;
				CLANG_WARN_CONSTANT_CONVERSION = YES;
				CLANG_WARN_DIRECT_OBJC_ISA_USAGE = YES_ERROR;
				CLANG_WARN_DOCUMENTATION_COMMENTS = YES;
				CLANG_WARN_EMPTY_BODY = YES;
				CLANG_WARN_ENUM_CONVERSION = YES;
				CLANG_WARN_INFINITE_RECURSION = YES;
				CLANG_WARN_INT_CONVERSION = YES;
				CLANG_WARN_OBJC_ROOT_CLASS = YES_ERROR;
				CLANG_WARN_SUSPICIOUS_MOVE = YES;
				CLANG_WARN_UNREACHABLE_CODE = YES;
				CLANG_WARN__DUPLICATE_METHOD_MATCH = YES;
				"CODE_SIGN_IDENTITY[sdk=iphoneos*]" = "iPhone Developer";
				COPY_PHASE_STRIP = NO;
				DEBUG_INFORMATION_FORMAT = dwarf;
				ENABLE_STRICT_OBJC_MSGSEND = YES;
				ENABLE_TESTABILITY = YES;
				GCC_C_LANGUAGE_STANDARD = gnu99;
				GCC_DYNAMIC_NO_PIC = NO;
				GCC_NO_COMMON_BLOCKS = YES;
				GCC_OPTIMIZATION_LEVEL = 0;
				GCC_PREPROCESSOR_DEFINITIONS = (
					"DEBUG=1",
					"$(inherited)",
				);
				GCC_WARN_64_TO_32_BIT_CONVERSION = YES;
				GCC_WARN_ABOUT_RETURN_TYPE = YES_ERROR;
				GCC_WARN_UNDECLARED_SELECTOR = YES;
				GCC_WARN_UNINITIALIZED_AUTOS = YES_AGGRESSIVE;
				GCC_WARN_UNUSED_FUNCTION = YES;
				GCC_WARN_UNUSED_VARIABLE = YES;
				IPHONEOS_DEPLOYMENT_TARGET = 10.2;
				MTL_ENABLE_DEBUG_INFO = YES;
				ONLY_ACTIVE_ARCH = YES;
				SDKROOT = iphoneos;
				SWIFT_ACTIVE_COMPILATION_CONDITIONS = DEBUG;
				SWIFT_OPTIMIZATION_LEVEL = "-Onone";
				TARGETED_DEVICE_FAMILY = "1,2";
			};
			name = Debug;
		};
		49220C7E1E66E610004166DC /* Release */ = {
			isa = XCBuildConfiguration;
			buildSettings = {
				ALWAYS_SEARCH_USER_PATHS = NO;
				CLANG_ANALYZER_NONNULL = YES;
				CLANG_CXX_LANGUAGE_STANDARD = "gnu++0x";
				CLANG_CXX_LIBRARY = "libc++";
				CLANG_ENABLE_MODULES = YES;
				CLANG_ENABLE_OBJC_ARC = YES;
				CLANG_WARN_BOOL_CONVERSION = YES;
				CLANG_WARN_CONSTANT_CONVERSION = YES;
				CLANG_WARN_DIRECT_OBJC_ISA_USAGE = YES_ERROR;
				CLANG_WARN_DOCUMENTATION_COMMENTS = YES;
				CLANG_WARN_EMPTY_BODY = YES;
				CLANG_WARN_ENUM_CONVERSION = YES;
				CLANG_WARN_INFINITE_RECURSION = YES;
				CLANG_WARN_INT_CONVERSION = YES;
				CLANG_WARN_OBJC_ROOT_CLASS = YES_ERROR;
				CLANG_WARN_SUSPICIOUS_MOVE = YES;
				CLANG_WARN_UNREACHABLE_CODE = YES;
				CLANG_WARN__DUPLICATE_METHOD_MATCH = YES;
				"CODE_SIGN_IDENTITY[sdk=iphoneos*]" = "iPhone Developer";
				COPY_PHASE_STRIP = NO;
				DEBUG_INFORMATION_FORMAT = "dwarf-with-dsym";
				ENABLE_NS_ASSERTIONS = NO;
				ENABLE_STRICT_OBJC_MSGSEND = YES;
				GCC_C_LANGUAGE_STANDARD = gnu99;
				GCC_NO_COMMON_BLOCKS = YES;
				GCC_WARN_64_TO_32_BIT_CONVERSION = YES;
				GCC_WARN_ABOUT_RETURN_TYPE = YES_ERROR;
				GCC_WARN_UNDECLARED_SELECTOR = YES;
				GCC_WARN_UNINITIALIZED_AUTOS = YES_AGGRESSIVE;
				GCC_WARN_UNUSED_FUNCTION = YES;
				GCC_WARN_UNUSED_VARIABLE = YES;
				IPHONEOS_DEPLOYMENT_TARGET = 10.2;
				MTL_ENABLE_DEBUG_INFO = NO;
				SDKROOT = iphoneos;
				SWIFT_OPTIMIZATION_LEVEL = "-Owholemodule";
				TARGETED_DEVICE_FAMILY = "1,2";
				VALIDATE_PRODUCT = YES;
			};
			name = Release;
		};
		49220C801E66E610004166DC /* Debug */ = {
			isa = XCBuildConfiguration;
			buildSettings = {
				ASSETCATALOG_COMPILER_APPICON_NAME = AppIcon;
				INFOPLIST_FILE = AutoLayoutRipasso/Info.plist;
				LD_RUNPATH_SEARCH_PATHS = "$(inherited) @executable_path/Frameworks";
				PRODUCT_BUNDLE_IDENTIFIER = com.mc.AutoLayoutRipasso;
				PRODUCT_NAME = "$(TARGET_NAME)";
				SWIFT_VERSION = 3.0;
			};
			name = Debug;
		};
		49220C811E66E610004166DC /* Release */ = {
			isa = XCBuildConfiguration;
			buildSettings = {
				ASSETCATALOG_COMPILER_APPICON_NAME = AppIcon;
				INFOPLIST_FILE = AutoLayoutRipasso/Info.plist;
				LD_RUNPATH_SEARCH_PATHS = "$(inherited) @executable_path/Frameworks";
				PRODUCT_BUNDLE_IDENTIFIER = com.mc.AutoLayoutRipasso;
				PRODUCT_NAME = "$(TARGET_NAME)";
				SWIFT_VERSION = 3.0;
			};
			name = Release;
		};
/* End XCBuildConfiguration section */

/* Begin XCConfigurationList section */
		49220C681E66E60F004166DC /* Build configuration list for PBXProject "AutoLayoutRipasso" */ = {
			isa = XCConfigurationList;
			buildConfigurations = (
				49220C7D1E66E610004166DC /* Debug */,
				49220C7E1E66E610004166DC /* Release */,
			);
			defaultConfigurationIsVisible = 0;
			defaultConfigurationName = Release;
		};
		49220C7F1E66E610004166DC /* Build configuration list for PBXNativeTarget "AutoLayoutRipasso" */ = {
			isa = XCConfigurationList;
			buildConfigurations = (
				49220C801E66E610004166DC /* Debug */,
				49220C811E66E610004166DC /* Release */,
			);
			defaultConfigurationIsVisible = 0;
		};
/* End XCConfigurationList section */
	};
	rootObject = 49220C651E66E60F004166DC /* Project object */;
}
